{
  "name": "url-to-ads",
  "version": "0.0.0",
  "lockfileVersion": 3,
  "requires": true,
  "packages": {
    "": {
      "name": "url-to-ads",
      "version": "0.0.0",
      "devDependencies": {
        "@fontsource/anuphan": "5.3.0",
        "@fontsource/bai-jamjuree": "5.3.0",
        "@fontsource/chonburi": "5.3.0",
        "@fontsource/ibm-plex-sans-thai": "5.3.0",
        "@fontsource/kanit": "5.3.0",
        "@fontsource/maitree": "5.3.0",
        "@fontsource/mali": "5.3.0",
        "@fontsource/mitr": "5.3.0",
        "@fontsource/noto-serif-thai": "5.3.0",
        "@fontsource/prompt": "5.3.0",
        "@fontsource/sarabun": "5.3.0",
        "@fontsource/taviraj": "5.3.0",
        "@fontsource/trirong": "5.3.0"
      }
    },
    "node_modules/@fontsource/anuphan": {
      "version": "5.3.0",
      "resolved": "https://registry.npmjs.org/@fontsource/anuphan/-/anuphan-5.3.0.tgz",
      "integrity": "sha512-1vWJrY2shVTVE4Bv1BheXKQKWI4DxNSWF64++zt7wbRuYef8QV1tJItvHHxN6+1fknwanIM8RKsXiR0RuHPlhA==",
      "dev": true,
      "license": "OFL-1.1",
      "funding": {
        "url": "https://github.com/sponsors/ayuhito"
      }
    },
    "node_modules/@fontsource/bai-jamjuree": {
      "version": "5.3.0",
      "resolved": "https://registry.npmjs.org/@fontsource/bai-jamjuree/-/bai-jamjuree-5.3.0.tgz",
      "integrity": "sha512-8EfWN+tsuHC9HzPDa83J8Lj8P8XBITlCDCxBHCOPzO1opQC/xt4L3KCwFa98I6DB9YCFAxKi92t8q6HkW0JNaA==",
      "dev": true,
      "license": "OFL-1.1",
      "funding": {
        "url": "https://github.com/sponsors/ayuhito"
      }
    },
    "node_modules/@fontsource/chonburi": {
      "version": "5.3.0",
      "resolved": "https://registry.npmjs.org/@fontsource/chonburi/-/chonburi-5.3.0.tgz",
      "integrity": "sha512-DSien8lmj6Todr+J5T8vRNATWSr5eBISC5OPKWU7y6oS00ak6gUF4q0dX80ASpJO7XPEcQ5bA9kKAMPkNMavXQ==",
      "dev": true,
      "license": "OFL-1.1",
      "funding": {
        "url": "https://github.com/sponsors/ayuhito"
      }
    },
    "node_modules/@fontsource/ibm-plex-sans-thai": {
      "version": "5.3.0",
      "resolved": "https://registry.npmjs.org/@fontsource/ibm-plex-sans-thai/-/ibm-plex-sans-thai-5.3.0.tgz",
      "integrity": "sha512-olXzgcA/CTk0PibqGMJrheml3/z8N9VzNLcHkzv9tCoBqnaMoxYYwZp4PZrDkPuOCUe1gW942e9f5fGOOlr3zg==",
      "dev": true,
      "license": "OFL-1.1",
      "funding": {
        "url": "https://github.com/sponsors/ayuhito"
      }
    },
    "node_modules/@fontsource/kanit": {
      "version": "5.3.0",
      "resolved": "https://registry.npmjs.org/@fontsource/kanit/-/kanit-5.3.0.tgz",
      "integrity": "sha512-XrVxf5NWb8QLAEbQS2GYir3AY0WbOLr5Q80fWurnoFWXyc7CWvioGNPC2dxRGZKocMUXbwGhuK+sJqWkRLAWNA==",
      "dev": true,
      "license": "OFL-1.1",
      "funding": {
        "url": "https://github.com/sponsors/ayuhito"
      }
    },
    "node_modules/@fontsource/maitree": {
      "version": "5.3.0",
      "resolved": "https://registry.npmjs.org/@fontsource/maitree/-/maitree-5.3.0.tgz",
      "integrity": "sha512-YVMm6/DQ27ASOOM/1dSIpVJXxNiS5Jk3Mzi9ZmD5V/WdCbX5h+hOXtaMZyEs0UzzUZrGKYIXwMGuPu9wGdj+2w==",
      "dev": true,
      "license": "OFL-1.1",
      "funding": {
        "url": "https://github.com/sponsors/ayuhito"
      }
    },
    "node_modules/@fontsource/mali": {
      "version": "5.3.0",
      "resolved": "https://registry.npmjs.org/@fontsource/mali/-/mali-5.3.0.tgz",
      "integrity": "sha512-/H7zdnFcBUdLh7mPUCLWfCoQVgtvnVKrlHjknq90kltPvUcu0nC9ybne4z2rzTghV9ez9N7nRDvRZesODB/YbQ==",
      "dev": true,
      "license": "OFL-1.1",
      "funding": {
        "url": "https://github.com/sponsors/ayuhito"
      }
    },
    "node_modules/@fontsource/mitr": {
      "version": "5.3.0",
      "resolved": "https://registry.npmjs.org/@fontsource/mitr/-/mitr-5.3.0.tgz",
      "integrity": "sha512-94SSDRpCqQppyPist8DRrF02iu0ri9i0SJ8X7WtKvUpV8d2aSLBhZdT6i9YIoEgbGzZED88YiJ2ph1RrlhOavQ==",
      "dev": true,
      "license": "OFL-1.1",
      "funding": {
        "url": "https://github.com/sponsors/ayuhito"
      }
    },
    "node_modules/@fontsource/noto-serif-thai": {
      "version": "5.3.0",
      "resolved": "https://registry.npmjs.org/@fontsource/noto-serif-thai/-/noto-serif-thai-5.3.0.tgz",
      "integrity": "sha512-BPE5PdY1NqA/aIvFhJz5Bgp/mL/ZS6eWJJXtpG+rlpK5sNXWcJilRBy2kdZfOZFamk5+r9lWFpq6cIRxWVMftQ==",
      "dev": true,
      "license": "OFL-1.1",
      "funding": {
        "url": "https://github.com/sponsors/ayuhito"
      }
    },
    "node_modules/@fontsource/prompt": {
      "version": "5.3.0",
      "resolved": "https://registry.npmjs.org/@fontsource/prompt/-/prompt-5.3.0.tgz",
      "integrity": "sha512-cU4VVn7G0wSI3pu3a7tynpTQ5hk3Lm9nEjTOBLhVYsqbOlvVIj6Tc1f3450BOGSpDiPOxmYGj/D7rE/z/TYPJg==",
      "dev": true,
      "license": "OFL-1.1",
      "funding": {
        "url": "https://github.com/sponsors/ayuhito"
      }
    },
    "node_modules/@fontsource/sarabun": {
      "version": "5.3.0",
      "resolved": "https://registry.npmjs.org/@fontsource/sarabun/-/sarabun-5.3.0.tgz",
      "integrity": "sha512-8GWxnEIG9g/2JlZxU+APaVwipcLMkZkBps9N1tEyBxXWaJEnAtHpuaDYmFVG7lzTgr28orG7//htD/rfxDlfFg==",
      "dev": true,
      "license": "OFL-1.1",
      "funding": {
        "url": "https://github.com/sponsors/ayuhito"
      }
    },
    "node_modules/@fontsource/taviraj": {
      "version": "5.3.0",
      "resolved": "https://registry.npmjs.org/@fontsource/taviraj/-/taviraj-5.3.0.tgz",
      "integrity": "sha512-vzROwkbS2R5Xg0nTABIqeyx/FtcQ35LGj4Q78JUXcHoErwsb3cNnZaDV6mPhlLJYJvpx08n1yk1B5PPEk/HNFw==",
      "dev": true,
      "license": "OFL-1.1",
      "funding": {
        "url": "https://github.com/sponsors/ayuhito"
      }
    },
    "node_modules/@fontsource/trirong": {
      "version": "5.3.0",
      "resolved": "https://registry.npmjs.org/@fontsource/trirong/-/trirong-5.3.0.tgz",
      "integrity": "sha512-Z2xNoomKOExto1Bv/u9VaaWwIe+rdv8UyiG1lVooOVnqv40KXZ6rXfalzhjeEJbmooif/EWfG/4cEyPKIBvvNw==",
      "dev": true,
      "license": "OFL-1.1",
      "funding": {
        "url": "https://github.com/sponsors/ayuhito"
      }
    }
  }
}
